
Microsoft Visual Studio Solution File, Format Version 12.00
# Visual Studio Version 17
VisualStudioVersion = 17.5.33530.505
MinimumVisualStudioVersion = 10.0.40219.1
Project("{FAE04EC0-301F-11D3-BF4B-00C04F79EFBC}") = "FYLO.Android", "FYLO.Android\FYLO.Android.csproj", "{0FB803E4-D714-4DA1-9499-63FEFA45A06F}"
EndProject
Project("{FAE04EC0-301F-11D3-BF4B-00C04F79EFBC}") = "FYLO.iOS", "FYLO.iOS\FYLO.iOS.csproj", "{3219B4AA-DC81-46FB-8355-69F3A49034E4}"
EndProject
Project("{FAE04EC0-301F-11D3-BF4B-00C04F79EFBC}") = "FYLO", "FYLO\FYLO.csproj", "{C3C62521-044F-45DC-B8AC-332A1A66D52B}"
EndProject
Global
	GlobalSection(SolutionConfigurationPlatforms) = preSolution
		Debug|Any CPU = Debug|Any CPU
		Debug|iPhone = Debug|iPhone
		Debug|iPhoneSimulator = Debug|iPhoneSimulator
		Release|Any CPU = Release|Any CPU
		Release|iPhone = Release|iPhone
		Release|iPhoneSimulator = Release|iPhoneSimulator
	EndGlobalSection
	GlobalSection(ProjectConfigurationPlatforms) = postSolution
		{0FB803E4-D714-4DA1-9499-63FEFA45A06F}.Debug|Any CPU.ActiveCfg = Debug|Any CPU
		{0FB803E4-D714-4DA1-9499-63FEFA45A06F}.Debug|Any CPU.Build.0 = Debug|Any CPU
		{0FB803E4-D714-4DA1-9499-63FEFA45A06F}.Debug|Any CPU.Deploy.0 = Debug|Any CPU
		{0FB803E4-D714-4DA1-9499-63FEFA45A06F}.Debug|iPhone.ActiveCfg = Debug|Any CPU
		{0FB803E4-D714-4DA1-9499-63FEFA45A06F}.Debug|iPhone.Build.0 = Debug|Any CPU
		{0FB803E4-D714-4DA1-9499-63FEFA45A06F}.Debug|iPhone.Deploy.0 = Debug|Any CPU
		{0FB803E4-D714-4DA1-9499-63FEFA45A06F}.Debug|iPhoneSimulator.ActiveCfg = Debug|Any CPU
		{0FB803E4-D714-4DA1-9499-63FEFA45A06F}.Debug|iPhoneSimulator.Build.0 = Debug|Any CPU
		{0FB803E4-D714-4DA1-9499-63FEFA45A06F}.Debug|iPhoneSimulator.Deploy.0 = Debug|Any CPU
		{0FB803E4-D714-4DA1-9499-63FEFA45A06F}.Release|Any CPU.ActiveCfg = Release|Any CPU
		{0FB803E4-D714-4DA1-9499-63FEFA45A06F}.Release|Any CPU.Build.0 = Release|Any CPU
		{0FB803E4-D714-4DA1-9499-63FEFA45A06F}.Release|Any CPU.Deploy.0 = Release|Any CPU
		{0FB803E4-D714-4DA1-9499-63FEFA45A06F}.Release|iPhone.ActiveCfg = Release|Any CPU
		{0FB803E4-D714-4DA1-9499-63FEFA45A06F}.Release|iPhone.Build.0 = Release|Any CPU
		{0FB803E4-D714-4DA1-9499-63FEFA45A06F}.Release|iPhone.Deploy.0 = Release|Any CPU
		{0FB803E4-D714-4DA1-9499-63FEFA45A06F}.Release|iPhoneSimulator.ActiveCfg = Release|Any CPU
		{0FB803E4-D714-4DA1-9499-63FEFA45A06F}.Release|iPhoneSimulator.Build.0 = Release|Any CPU
		{0FB803E4-D714-4DA1-9499-63FEFA45A06F}.Release|iPhoneSimulator.Deploy.0 = Release|Any CPU
		{3219B4AA-DC81-46FB-8355-69F3A49034E4}.Debug|Any CPU.ActiveCfg = Debug|iPhone
		{3219B4AA-DC81-46FB-8355-69F3A49034E4}.Debug|Any CPU.Build.0 = Debug|iPhone
		{3219B4AA-DC81-46FB-8355-69F3A49034E4}.Debug|Any CPU.Deploy.0 = Debug|iPhone
		{3219B4AA-DC81-46FB-8355-69F3A49034E4}.Debug|iPhone.ActiveCfg = Debug|iPhone
		{3219B4AA-DC81-46FB-8355-69F3A49034E4}.Debug|iPhone.Build.0 = Debug|iPhone
		{3219B4AA-DC81-46FB-8355-69F3A49034E4}.Debug|iPhone.Deploy.0 = Debug|iPhone
		{3219B4AA-DC81-46FB-8355-69F3A49034E4}.Debug|iPhoneSimulator.ActiveCfg = Debug|iPhoneSimulator
		{3219B4AA-DC81-46FB-8355-69F3A49034E4}.Debug|iPhoneSimulator.Build.0 = Debug|iPhoneSimulator
		{3219B4AA-DC81-46FB-8355-69F3A49034E4}.Debug|iPhoneSimulator.Deploy.0 = Debug|iPhoneSimulator
		{3219B4AA-DC81-46FB-8355-69F3A49034E4}.Release|Any CPU.ActiveCfg = Release|iPhoneSimulator
		{3219B4AA-DC81-46FB-8355-69F3A49034E4}.Release|Any CPU.Build.0 = Release|iPhoneSimulator
		{3219B4AA-DC81-46FB-8355-69F3A49034E4}.Release|Any CPU.Deploy.0 = Release|iPhoneSimulator
		{3219B4AA-DC81-46FB-8355-69F3A49034E4}.Release|iPhone.ActiveCfg = Release|iPhone
		{3219B4AA-DC81-46FB-8355-69F3A49034E4}.Release|iPhone.Build.0 = Release|iPhone
		{3219B4AA-DC81-46FB-8355-69F3A49034E4}.Release|iPhone.Deploy.0 = Release|iPhone
		{3219B4AA-DC81-46FB-8355-69F3A49034E4}.Release|iPhoneSimulator.ActiveCfg = Release|iPhoneSimulator
		{3219B4AA-DC81-46FB-8355-69F3A49034E4}.Release|iPhoneSimulator.Build.0 = Release|iPhoneSimulator
		{3219B4AA-DC81-46FB-8355-69F3A49034E4}.Release|iPhoneSimulator.Deploy.0 = Release|iPhoneSimulator
		{C3C62521-044F-45DC-B8AC-332A1A66D52B}.Debug|Any CPU.ActiveCfg = Debug|Any CPU
		{C3C62521-044F-45DC-B8AC-332A1A66D52B}.Debug|Any CPU.Build.0 = Debug|Any CPU
		{C3C62521-044F-45DC-B8AC-332A1A66D52B}.Debug|Any CPU.Deploy.0 = Debug|Any CPU
		{C3C62521-044F-45DC-B8AC-332A1A66D52B}.Debug|iPhone.ActiveCfg = Debug|Any CPU
		{C3C62521-044F-45DC-B8AC-332A1A66D52B}.Debug|iPhone.Build.0 = Debug|Any CPU
		{C3C62521-044F-45DC-B8AC-332A1A66D52B}.Debug|iPhone.Deploy.0 = Debug|Any CPU
		{C3C62521-044F-45DC-B8AC-332A1A66D52B}.Debug|iPhoneSimulator.ActiveCfg = Debug|Any CPU
		{C3C62521-044F-45DC-B8AC-332A1A66D52B}.Debug|iPhoneSimulator.Build.0 = Debug|Any CPU
		{C3C62521-044F-45DC-B8AC-332A1A66D52B}.Debug|iPhoneSimulator.Deploy.0 = Debug|Any CPU
		{C3C62521-044F-45DC-B8AC-332A1A66D52B}.Release|Any CPU.ActiveCfg = Release|Any CPU
		{C3C62521-044F-45DC-B8AC-332A1A66D52B}.Release|Any CPU.Build.0 = Release|Any CPU
		{C3C62521-044F-45DC-B8AC-332A1A66D52B}.Release|Any CPU.Deploy.0 = Release|Any CPU
		{C3C62521-044F-45DC-B8AC-332A1A66D52B}.Release|iPhone.ActiveCfg = Release|Any CPU
		{C3C62521-044F-45DC-B8AC-332A1A66D52B}.Release|iPhone.Build.0 = Release|Any CPU
		{C3C62521-044F-45DC-B8AC-332A1A66D52B}.Release|iPhone.Deploy.0 = Release|Any CPU
		{C3C62521-044F-45DC-B8AC-332A1A66D52B}.Release|iPhoneSimulator.ActiveCfg = Release|Any CPU
		{C3C62521-044F-45DC-B8AC-332A1A66D52B}.Release|iPhoneSimulator.Build.0 = Release|Any CPU
		{C3C62521-044F-45DC-B8AC-332A1A66D52B}.Release|iPhoneSimulator.Deploy.0 = Release|Any CPU
	EndGlobalSection
	GlobalSection(SolutionProperties) = preSolution
		HideSolutionNode = FALSE
	EndGlobalSection
	GlobalSection(ExtensibilityGlobals) = postSolution
		SolutionGuid = {2DBC27C6-1371-42B5-B84C-D6A87F971004}
	EndGlobalSection
EndGlobal
